
Microsoft Visual Studio Solution File, Format Version 12.00
# Visual Studio Version 17
VisualStudioVersion = 17.4.33122.133
MinimumVisualStudioVersion = 10.0.40219.1
Project("{8BC9CEB8-8B4A-11D0-8D11-00A0C91BC942}") = "3DEngine", "src\3DEngine\3DEngine.vcxproj", "{4F20397C-B935-4EF1-8714-382849B88A0E}"
EndProject
Global
	GlobalSection(SolutionConfigurationPlatforms) = preSolution
		Debug|x64 = Debug|x64
		Debug|x86 = Debug|x86
		Release|x64 = Release|x64
		Release|x86 = Release|x86
	EndGlobalSection
	GlobalSection(ProjectConfigurationPlatforms) = postSolution
		{4F20397C-B935-4EF1-8714-382849B88A0E}.Debug|x64.ActiveCfg = Debug|x64
		{4F20397C-B935-4EF1-8714-382849B88A0E}.Debug|x64.Build.0 = Debug|x64
		{4F20397C-B935-4EF1-8714-382849B88A0E}.Debug|x86.ActiveCfg = Debug|Win32
		{4F20397C-B935-4EF1-8714-382849B88A0E}.Debug|x86.Build.0 = Debug|Win32
		{4F20397C-B935-4EF1-8714-382849B88A0E}.Release|x64.ActiveCfg = Release|x64
		{4F20397C-B935-4EF1-8714-382849B88A0E}.Release|x64.Build.0 = Release|x64
		{4F20397C-B935-4EF1-8714-382849B88A0E}.Release|x86.ActiveCfg = Release|Win32
		{4F20397C-B935-4EF1-8714-382849B88A0E}.Release|x86.Build.0 = Release|Win32
	EndGlobalSection
	GlobalSection(SolutionProperties) = preSolution
		HideSolutionNode = FALSE
	EndGlobalSection
	GlobalSection(ExtensibilityGlobals) = postSolution
		SolutionGuid = {FF324DF8-9EA5-4A34-848C-0B9182F4FCB1}
	EndGlobalSection
EndGlobal
